
Microsoft Visual Studio Solution File, Format Version 12.00
# Visual Studio 14
VisualStudioVersion = 14.0.25420.1
MinimumVisualStudioVersion = 10.0.40219.1
Project("{FAE04EC0-301F-11D3-BF4B-00C04F79EFBC}") = "Main", "Main\Main.csproj", "{44277A67-1766-473B-9EFB-2599597BE746}"
EndProject
Project("{FAE04EC0-301F-11D3-BF4B-00C04F79EFBC}") = "CloudAPI", "CloudAPI\CloudAPI.csproj", "{423E3C56-AF93-46AD-B192-38F9A6299551}"
EndProject
Project("{FAE04EC0-301F-11D3-BF4B-00C04F79EFBC}") = "IDReader", "IDReader\IDReader.csproj", "{394CD86E-46EA-4B4A-94DD-85C6FE2C25E3}"
EndProject
Project("{FAE04EC0-301F-11D3-BF4B-00C04F79EFBC}") = "Common", "Common\Common.csproj", "{07D466CC-8CDC-48EB-B7FA-6E07B35ECEA8}"
EndProject
Global
	GlobalSection(SolutionConfigurationPlatforms) = preSolution
		Debug|Any CPU = Debug|Any CPU
		Debug|x64 = Debug|x64
		Debug|x86 = Debug|x86
		Release|Any CPU = Release|Any CPU
		Release|x64 = Release|x64
		Release|x86 = Release|x86
	EndGlobalSection
	GlobalSection(ProjectConfigurationPlatforms) = postSolution
		{44277A67-1766-473B-9EFB-2599597BE746}.Debug|Any CPU.ActiveCfg = Debug|Any CPU
		{44277A67-1766-473B-9EFB-2599597BE746}.Debug|Any CPU.Build.0 = Debug|Any CPU
		{44277A67-1766-473B-9EFB-2599597BE746}.Debug|x64.ActiveCfg = Debug|Any CPU
		{44277A67-1766-473B-9EFB-2599597BE746}.Debug|x64.Build.0 = Debug|Any CPU
		{44277A67-1766-473B-9EFB-2599597BE746}.Debug|x86.ActiveCfg = Debug|Any CPU
		{44277A67-1766-473B-9EFB-2599597BE746}.Debug|x86.Build.0 = Debug|Any CPU
		{44277A67-1766-473B-9EFB-2599597BE746}.Release|Any CPU.ActiveCfg = Release|Any CPU
		{44277A67-1766-473B-9EFB-2599597BE746}.Release|Any CPU.Build.0 = Release|Any CPU
		{44277A67-1766-473B-9EFB-2599597BE746}.Release|x64.ActiveCfg = Release|Any CPU
		{44277A67-1766-473B-9EFB-2599597BE746}.Release|x64.Build.0 = Release|Any CPU
		{44277A67-1766-473B-9EFB-2599597BE746}.Release|x86.ActiveCfg = Release|Any CPU
		{44277A67-1766-473B-9EFB-2599597BE746}.Release|x86.Build.0 = Release|Any CPU
		{423E3C56-AF93-46AD-B192-38F9A6299551}.Debug|Any CPU.ActiveCfg = Debug|Any CPU
		{423E3C56-AF93-46AD-B192-38F9A6299551}.Debug|Any CPU.Build.0 = Debug|Any CPU
		{423E3C56-AF93-46AD-B192-38F9A6299551}.Debug|x64.ActiveCfg = Debug|Any CPU
		{423E3C56-AF93-46AD-B192-38F9A6299551}.Debug|x64.Build.0 = Debug|Any CPU
		{423E3C56-AF93-46AD-B192-38F9A6299551}.Debug|x86.ActiveCfg = Debug|Any CPU
		{423E3C56-AF93-46AD-B192-38F9A6299551}.Debug|x86.Build.0 = Debug|Any CPU
		{423E3C56-AF93-46AD-B192-38F9A6299551}.Release|Any CPU.ActiveCfg = Release|Any CPU
		{423E3C56-AF93-46AD-B192-38F9A6299551}.Release|Any CPU.Build.0 = Release|Any CPU
		{423E3C56-AF93-46AD-B192-38F9A6299551}.Release|x64.ActiveCfg = Release|Any CPU
		{423E3C56-AF93-46AD-B192-38F9A6299551}.Release|x64.Build.0 = Release|Any CPU
		{423E3C56-AF93-46AD-B192-38F9A6299551}.Release|x86.ActiveCfg = Release|Any CPU
		{423E3C56-AF93-46AD-B192-38F9A6299551}.Release|x86.Build.0 = Release|Any CPU
		{394CD86E-46EA-4B4A-94DD-85C6FE2C25E3}.Debug|Any CPU.ActiveCfg = Debug|Any CPU
		{394CD86E-46EA-4B4A-94DD-85C6FE2C25E3}.Debug|Any CPU.Build.0 = Debug|Any CPU
		{394CD86E-46EA-4B4A-94DD-85C6FE2C25E3}.Debug|x64.ActiveCfg = Debug|Any CPU
		{394CD86E-46EA-4B4A-94DD-85C6FE2C25E3}.Debug|x64.Build.0 = Debug|Any CPU
		{394CD86E-46EA-4B4A-94DD-85C6FE2C25E3}.Debug|x86.ActiveCfg = Debug|Any CPU
		{394CD86E-46EA-4B4A-94DD-85C6FE2C25E3}.Debug|x86.Build.0 = Debug|Any CPU
		{394CD86E-46EA-4B4A-94DD-85C6FE2C25E3}.Release|Any CPU.ActiveCfg = Release|Any CPU
		{394CD86E-46EA-4B4A-94DD-85C6FE2C25E3}.Release|Any CPU.Build.0 = Release|Any CPU
		{394CD86E-46EA-4B4A-94DD-85C6FE2C25E3}.Release|x64.ActiveCfg = Release|Any CPU
		{394CD86E-46EA-4B4A-94DD-85C6FE2C25E3}.Release|x64.Build.0 = Release|Any CPU
		{394CD86E-46EA-4B4A-94DD-85C6FE2C25E3}.Release|x86.ActiveCfg = Release|Any CPU
		{394CD86E-46EA-4B4A-94DD-85C6FE2C25E3}.Release|x86.Build.0 = Release|Any CPU
		{07D466CC-8CDC-48EB-B7FA-6E07B35ECEA8}.Debug|Any CPU.ActiveCfg = Debug|Any CPU
		{07D466CC-8CDC-48EB-B7FA-6E07B35ECEA8}.Debug|Any CPU.Build.0 = Debug|Any CPU
		{07D466CC-8CDC-48EB-B7FA-6E07B35ECEA8}.Debug|x64.ActiveCfg = Debug|Any CPU
		{07D466CC-8CDC-48EB-B7FA-6E07B35ECEA8}.Debug|x64.Build.0 = Debug|Any CPU
		{07D466CC-8CDC-48EB-B7FA-6E07B35ECEA8}.Debug|x86.ActiveCfg = Debug|Any CPU
		{07D466CC-8CDC-48EB-B7FA-6E07B35ECEA8}.Debug|x86.Build.0 = Debug|Any CPU
		{07D466CC-8CDC-48EB-B7FA-6E07B35ECEA8}.Release|Any CPU.ActiveCfg = Release|Any CPU
		{07D466CC-8CDC-48EB-B7FA-6E07B35ECEA8}.Release|Any CPU.Build.0 = Release|Any CPU
		{07D466CC-8CDC-48EB-B7FA-6E07B35ECEA8}.Release|x64.ActiveCfg = Release|Any CPU
		{07D466CC-8CDC-48EB-B7FA-6E07B35ECEA8}.Release|x64.Build.0 = Release|Any CPU
		{07D466CC-8CDC-48EB-B7FA-6E07B35ECEA8}.Release|x86.ActiveCfg = Release|Any CPU
		{07D466CC-8CDC-48EB-B7FA-6E07B35ECEA8}.Release|x86.Build.0 = Release|Any CPU
	EndGlobalSection
	GlobalSection(SolutionProperties) = preSolution
		HideSolutionNode = FALSE
	EndGlobalSection
EndGlobal
